// !$*UTF8*$!
{
	archiveVersion = 1;
	classes = {
	};
	objectVersion = 56;
	objects = {

/* Begin PBXBuildFile section */
		8436CB282CC57B7000E49693 /* KanjiDetailsViewModel.swift in Sources */ = {isa = PBXBuildFile; fileRef = 8436CB272CC57B7000E49693 /* KanjiDetailsViewModel.swift */; };
		84818F092CB68D4800DE1F71 /* ReadingModel.swift in Sources */ = {isa = PBXBuildFile; fileRef = 84818F082CB68D4700DE1F71 /* ReadingModel.swift */; };
		848622B02CBD2DF900DB502D /* LibraryView.swift in Sources */ = {isa = PBXBuildFile; fileRef = 848622AF2CBD2DF900DB502D /* LibraryView.swift */; };
		848622B52CBD2E9A00DB502D /* LearningView.swift in Sources */ = {isa = PBXBuildFile; fileRef = 848622B42CBD2E9A00DB502D /* LearningView.swift */; };
		848622B82CBD2F1200DB502D /* SettingsView.swift in Sources */ = {isa = PBXBuildFile; fileRef = 848622B72CBD2F1200DB502D /* SettingsView.swift */; };
		848622BB2CBD2F3600DB502D /* ProfileView.swift in Sources */ = {isa = PBXBuildFile; fileRef = 848622BA2CBD2F3600DB502D /* ProfileView.swift */; };
		848622BD2CBD57F900DB502D /* HomeNavigationView.swift in Sources */ = {isa = PBXBuildFile; fileRef = 848622BC2CBD57F900DB502D /* HomeNavigationView.swift */; };
		848622C12CBD595300DB502D /* HomeViewModel.swift in Sources */ = {isa = PBXBuildFile; fileRef = 848622C02CBD595300DB502D /* HomeViewModel.swift */; };
		848622C32CBD965800DB502D /* LibraryViewModel.swift in Sources */ = {isa = PBXBuildFile; fileRef = 848622C22CBD965800DB502D /* LibraryViewModel.swift */; };
		848763B92CD26A1800239C8F /* APIServiceProtocol.swift in Sources */ = {isa = PBXBuildFile; fileRef = 848763B82CD26A1800239C8F /* APIServiceProtocol.swift */; };
		848763BB2CD26A3300239C8F /* APIService.swift in Sources */ = {isa = PBXBuildFile; fileRef = 848763BA2CD26A3300239C8F /* APIService.swift */; };
		848763C82CD2A62600239C8F /* DependencyContainer.swift in Sources */ = {isa = PBXBuildFile; fileRef = 848763C72CD2A62600239C8F /* DependencyContainer.swift */; };
		84880D362CB8465000CDD73B /* HomeView.swift in Sources */ = {isa = PBXBuildFile; fileRef = 84880D352CB8465000CDD73B /* HomeView.swift */; };
		848BFE702CC4361500C3EC7C /* KanjiDetailsModel.swift in Sources */ = {isa = PBXBuildFile; fileRef = 848BFE6F2CC4361500C3EC7C /* KanjiDetailsModel.swift */; };
		848BFE722CC457BB00C3EC7C /* VocabularyEntryModel.swift in Sources */ = {isa = PBXBuildFile; fileRef = 848BFE712CC457BB00C3EC7C /* VocabularyEntryModel.swift */; };
		848BFE742CC458BE00C3EC7C /* UserModel.swift in Sources */ = {isa = PBXBuildFile; fileRef = 848BFE732CC458BE00C3EC7C /* UserModel.swift */; };
		848BFE772CC5211800C3EC7C /* KanjiDetailsView.swift in Sources */ = {isa = PBXBuildFile; fileRef = 848BFE762CC5211800C3EC7C /* KanjiDetailsView.swift */; };
		848F5B022CD442B700775F57 /* KanjiService.swift in Sources */ = {isa = PBXBuildFile; fileRef = 848F5B012CD442B700775F57 /* KanjiService.swift */; };
		848F5B052CD442E100775F57 /* KanjiDetailsService.swift in Sources */ = {isa = PBXBuildFile; fileRef = 848F5B042CD442E100775F57 /* KanjiDetailsService.swift */; };
		84D9D2402CB68A7F002CCEB5 /* Kanji_Learning_AppApp.swift in Sources */ = {isa = PBXBuildFile; fileRef = 84D9D23F2CB68A7F002CCEB5 /* Kanji_Learning_AppApp.swift */; };
		84D9D2442CB68A81002CCEB5 /* Assets.xcassets in Resources */ = {isa = PBXBuildFile; fileRef = 84D9D2432CB68A81002CCEB5 /* Assets.xcassets */; };
		84D9D2472CB68A81002CCEB5 /* Preview Assets.xcassets in Resources */ = {isa = PBXBuildFile; fileRef = 84D9D2462CB68A81002CCEB5 /* Preview Assets.xcassets */; };
		84D9D2512CB68A82002CCEB5 /* Kanji_Learning_AppTests.swift in Sources */ = {isa = PBXBuildFile; fileRef = 84D9D2502CB68A82002CCEB5 /* Kanji_Learning_AppTests.swift */; };
		84D9D25B2CB68A82002CCEB5 /* Kanji_Learning_AppUITests.swift in Sources */ = {isa = PBXBuildFile; fileRef = 84D9D25A2CB68A82002CCEB5 /* Kanji_Learning_AppUITests.swift */; };
		84D9D25D2CB68A82002CCEB5 /* Kanji_Learning_AppUITestsLaunchTests.swift in Sources */ = {isa = PBXBuildFile; fileRef = 84D9D25C2CB68A82002CCEB5 /* Kanji_Learning_AppUITestsLaunchTests.swift */; };
		84D9D26A2CB68AB2002CCEB5 /* KanjiModel.swift in Sources */ = {isa = PBXBuildFile; fileRef = 84D9D2692CB68AB1002CCEB5 /* KanjiModel.swift */; };
/* End PBXBuildFile section */

/* Begin PBXContainerItemProxy section */
		84D9D24D2CB68A82002CCEB5 /* PBXContainerItemProxy */ = {
			isa = PBXContainerItemProxy;
			containerPortal = 84D9D2342CB68A7E002CCEB5 /* Project object */;
			proxyType = 1;
			remoteGlobalIDString = 84D9D23B2CB68A7F002CCEB5;
			remoteInfo = "Kanji Learning App";
		};
		84D9D2572CB68A82002CCEB5 /* PBXContainerItemProxy */ = {
			isa = PBXContainerItemProxy;
			containerPortal = 84D9D2342CB68A7E002CCEB5 /* Project object */;
			proxyType = 1;
			remoteGlobalIDString = 84D9D23B2CB68A7F002CCEB5;
			remoteInfo = "Kanji Learning App";
		};
/* End PBXContainerItemProxy section */

/* Begin PBXFileReference section */
		8436CB272CC57B7000E49693 /* KanjiDetailsViewModel.swift */ = {isa = PBXFileReference; lastKnownFileType = sourcecode.swift; path = KanjiDetailsViewModel.swift; sourceTree = "<group>"; };
		84818F082CB68D4700DE1F71 /* ReadingModel.swift */ = {isa = PBXFileReference; lastKnownFileType = sourcecode.swift; path = ReadingModel.swift; sourceTree = "<group>"; };
		848622AF2CBD2DF900DB502D /* LibraryView.swift */ = {isa = PBXFileReference; lastKnownFileType = sourcecode.swift; path = LibraryView.swift; sourceTree = "<group>"; };
		848622B42CBD2E9A00DB502D /* LearningView.swift */ = {isa = PBXFileReference; lastKnownFileType = sourcecode.swift; path = LearningView.swift; sourceTree = "<group>"; };
		848622B72CBD2F1200DB502D /* SettingsView.swift */ = {isa = PBXFileReference; lastKnownFileType = sourcecode.swift; path = SettingsView.swift; sourceTree = "<group>"; };
		848622BA2CBD2F3600DB502D /* ProfileView.swift */ = {isa = PBXFileReference; lastKnownFileType = sourcecode.swift; path = ProfileView.swift; sourceTree = "<group>"; };
		848622BC2CBD57F900DB502D /* HomeNavigationView.swift */ = {isa = PBXFileReference; lastKnownFileType = sourcecode.swift; path = HomeNavigationView.swift; sourceTree = "<group>"; };
		848622C02CBD595300DB502D /* HomeViewModel.swift */ = {isa = PBXFileReference; lastKnownFileType = sourcecode.swift; path = HomeViewModel.swift; sourceTree = "<group>"; };
		848622C22CBD965800DB502D /* LibraryViewModel.swift */ = {isa = PBXFileReference; lastKnownFileType = sourcecode.swift; path = LibraryViewModel.swift; sourceTree = "<group>"; };
		848763B82CD26A1800239C8F /* APIServiceProtocol.swift */ = {isa = PBXFileReference; lastKnownFileType = sourcecode.swift; path = APIServiceProtocol.swift; sourceTree = "<group>"; };
		848763BA2CD26A3300239C8F /* APIService.swift */ = {isa = PBXFileReference; lastKnownFileType = sourcecode.swift; path = APIService.swift; sourceTree = "<group>"; };
		848763C72CD2A62600239C8F /* DependencyContainer.swift */ = {isa = PBXFileReference; lastKnownFileType = sourcecode.swift; path = DependencyContainer.swift; sourceTree = "<group>"; };
		84880D352CB8465000CDD73B /* HomeView.swift */ = {isa = PBXFileReference; lastKnownFileType = sourcecode.swift; path = HomeView.swift; sourceTree = "<group>"; };
		848BFE6F2CC4361500C3EC7C /* KanjiDetailsModel.swift */ = {isa = PBXFileReference; lastKnownFileType = sourcecode.swift; path = KanjiDetailsModel.swift; sourceTree = "<group>"; };
		848BFE712CC457BB00C3EC7C /* VocabularyEntryModel.swift */ = {isa = PBXFileReference; lastKnownFileType = sourcecode.swift; path = VocabularyEntryModel.swift; sourceTree = "<group>"; };
		848BFE732CC458BE00C3EC7C /* UserModel.swift */ = {isa = PBXFileReference; lastKnownFileType = sourcecode.swift; path = UserModel.swift; sourceTree = "<group>"; };
		848BFE762CC5211800C3EC7C /* KanjiDetailsView.swift */ = {isa = PBXFileReference; lastKnownFileType = sourcecode.swift; path = KanjiDetailsView.swift; sourceTree = "<group>"; };
		848F5B012CD442B700775F57 /* KanjiService.swift */ = {isa = PBXFileReference; lastKnownFileType = sourcecode.swift; path = KanjiService.swift; sourceTree = "<group>"; };
		848F5B042CD442E100775F57 /* KanjiDetailsService.swift */ = {isa = PBXFileReference; lastKnownFileType = sourcecode.swift; path = KanjiDetailsService.swift; sourceTree = "<group>"; };
		84D9D23C2CB68A7F002CCEB5 /* Kanji Learning App.app */ = {isa = PBXFileReference; explicitFileType = wrapper.application; includeInIndex = 0; path = "Kanji Learning App.app"; sourceTree = BUILT_PRODUCTS_DIR; };
		84D9D23F2CB68A7F002CCEB5 /* Kanji_Learning_AppApp.swift */ = {isa = PBXFileReference; lastKnownFileType = sourcecode.swift; path = Kanji_Learning_AppApp.swift; sourceTree = "<group>"; };
		84D9D2432CB68A81002CCEB5 /* Assets.xcassets */ = {isa = PBXFileReference; lastKnownFileType = folder.assetcatalog; path = Assets.xcassets; sourceTree = "<group>"; };
		84D9D2462CB68A81002CCEB5 /* Preview Assets.xcassets */ = {isa = PBXFileReference; lastKnownFileType = folder.assetcatalog; path = "Preview Assets.xcassets"; sourceTree = "<group>"; };
		84D9D24C2CB68A82002CCEB5 /* Kanji Learning AppTests.xctest */ = {isa = PBXFileReference; explicitFileType = wrapper.cfbundle; includeInIndex = 0; path = "Kanji Learning AppTests.xctest"; sourceTree = BUILT_PRODUCTS_DIR; };
		84D9D2502CB68A82002CCEB5 /* Kanji_Learning_AppTests.swift */ = {isa = PBXFileReference; lastKnownFileType = sourcecode.swift; path = Kanji_Learning_AppTests.swift; sourceTree = "<group>"; };
		84D9D2562CB68A82002CCEB5 /* Kanji Learning AppUITests.xctest */ = {isa = PBXFileReference; explicitFileType = wrapper.cfbundle; includeInIndex = 0; path = "Kanji Learning AppUITests.xctest"; sourceTree = BUILT_PRODUCTS_DIR; };
		84D9D25A2CB68A82002CCEB5 /* Kanji_Learning_AppUITests.swift */ = {isa = PBXFileReference; lastKnownFileType = sourcecode.swift; path = Kanji_Learning_AppUITests.swift; sourceTree = "<group>"; };
		84D9D25C2CB68A82002CCEB5 /* Kanji_Learning_AppUITestsLaunchTests.swift */ = {isa = PBXFileReference; lastKnownFileType = sourcecode.swift; path = Kanji_Learning_AppUITestsLaunchTests.swift; sourceTree = "<group>"; };
		84D9D2692CB68AB1002CCEB5 /* KanjiModel.swift */ = {isa = PBXFileReference; lastKnownFileType = sourcecode.swift; path = KanjiModel.swift; sourceTree = "<group>"; };
/* End PBXFileReference section */

/* Begin PBXFrameworksBuildPhase section */
		84D9D2392CB68A7F002CCEB5 /* Frameworks */ = {
			isa = PBXFrameworksBuildPhase;
			buildActionMask = 2147483647;
			files = (
			);
			runOnlyForDeploymentPostprocessing = 0;
		};
		84D9D2492CB68A82002CCEB5 /* Frameworks */ = {
			isa = PBXFrameworksBuildPhase;
			buildActionMask = 2147483647;
			files = (
			);
			runOnlyForDeploymentPostprocessing = 0;
		};
		84D9D2532CB68A82002CCEB5 /* Frameworks */ = {
			isa = PBXFrameworksBuildPhase;
			buildActionMask = 2147483647;
			files = (
			);
			runOnlyForDeploymentPostprocessing = 0;
		};
/* End PBXFrameworksBuildPhase section */

/* Begin PBXGroup section */
		84818F032CB68C9500DE1F71 /* Models */ = {
			isa = PBXGroup;
			children = (
				848F5AFE2CD43E9F00775F57 /* User */,
				848F5AFD2CD43E9400775F57 /* KanjiDetails */,
				848F5AFC2CD43E7300775F57 /* Kanji */,
			);
			path = Models;
			sourceTree = "<group>";
		};
		848763B62CD1885E00239C8F /* Shared */ = {
			isa = PBXGroup;
			children = (
				84818F032CB68C9500DE1F71 /* Models */,
				848763C52CD27F1800239C8F /* ViewModels */,
				848763C42CD27ECE00239C8F /* Views */,
				848763B72CD2645100239C8F /* Services */,
			);
			path = Shared;
			sourceTree = "<group>";
		};
		848763B72CD2645100239C8F /* Services */ = {
			isa = PBXGroup;
			children = (
				848F5B042CD442E100775F57 /* KanjiDetailsService.swift */,
				848F5B012CD442B700775F57 /* KanjiService.swift */,
				848763B82CD26A1800239C8F /* APIServiceProtocol.swift */,
				848763BA2CD26A3300239C8F /* APIService.swift */,
			);
			path = Services;
			sourceTree = "<group>";
		};
		848763BC2CD27CBA00239C8F /* Features */ = {
			isa = PBXGroup;
			children = (
				848763C32CD27DE500239C8F /* Learning */,
				848763C22CD27DDB00239C8F /* Profile */,
				848763C12CD27DCD00239C8F /* Settings */,
				848763BE2CD27D3500239C8F /* Library */,
				848763BD2CD27CD700239C8F /* Home */,
			);
			path = Features;
			sourceTree = "<group>";
		};
		848763BD2CD27CD700239C8F /* Home */ = {
			isa = PBXGroup;
			children = (
				84880D352CB8465000CDD73B /* HomeView.swift */,
				848622C02CBD595300DB502D /* HomeViewModel.swift */,
				848622BC2CBD57F900DB502D /* HomeNavigationView.swift */,
			);
			path = Home;
			sourceTree = "<group>";
		};
		848763BE2CD27D3500239C8F /* Library */ = {
			isa = PBXGroup;
			children = (
				848622AF2CBD2DF900DB502D /* LibraryView.swift */,
				848622C22CBD965800DB502D /* LibraryViewModel.swift */,
			);
			path = Library;
			sourceTree = "<group>";
		};
		848763C12CD27DCD00239C8F /* Settings */ = {
			isa = PBXGroup;
			children = (
				848622B72CBD2F1200DB502D /* SettingsView.swift */,
			);
			path = Settings;
			sourceTree = "<group>";
		};
		848763C22CD27DDB00239C8F /* Profile */ = {
			isa = PBXGroup;
			children = (
				848622BA2CBD2F3600DB502D /* ProfileView.swift */,
			);
			path = Profile;
			sourceTree = "<group>";
		};
		848763C32CD27DE500239C8F /* Learning */ = {
			isa = PBXGroup;
			children = (
				848622B42CBD2E9A00DB502D /* LearningView.swift */,
			);
			path = Learning;
			sourceTree = "<group>";
		};
		848763C42CD27ECE00239C8F /* Views */ = {
			isa = PBXGroup;
			children = (
				848BFE762CC5211800C3EC7C /* KanjiDetailsView.swift */,
			);
			path = Views;
			sourceTree = "<group>";
		};
		848763C52CD27F1800239C8F /* ViewModels */ = {
			isa = PBXGroup;
			children = (
				8436CB272CC57B7000E49693 /* KanjiDetailsViewModel.swift */,
			);
			path = ViewModels;
			sourceTree = "<group>";
		};
		848763C62CD2A60800239C8F /* App */ = {
			isa = PBXGroup;
			children = (
				84D9D23F2CB68A7F002CCEB5 /* Kanji_Learning_AppApp.swift */,
				848763C72CD2A62600239C8F /* DependencyContainer.swift */,
			);
			path = App;
			sourceTree = "<group>";
		};
		848F5AFC2CD43E7300775F57 /* Kanji */ = {
			isa = PBXGroup;
			children = (
				84D9D2692CB68AB1002CCEB5 /* KanjiModel.swift */,
			);
			path = Kanji;
			sourceTree = "<group>";
		};
		848F5AFD2CD43E9400775F57 /* KanjiDetails */ = {
			isa = PBXGroup;
			children = (
				84818F082CB68D4700DE1F71 /* ReadingModel.swift */,
				848BFE6F2CC4361500C3EC7C /* KanjiDetailsModel.swift */,
				848BFE712CC457BB00C3EC7C /* VocabularyEntryModel.swift */,
			);
			path = KanjiDetails;
			sourceTree = "<group>";
		};
		848F5AFE2CD43E9F00775F57 /* User */ = {
			isa = PBXGroup;
			children = (
				848BFE732CC458BE00C3EC7C /* UserModel.swift */,
			);
			path = User;
			sourceTree = "<group>";
		};
		84D9D2332CB68A7E002CCEB5 = {
			isa = PBXGroup;
			children = (
				84D9D23E2CB68A7F002CCEB5 /* Kanji Learning App */,
				84D9D24F2CB68A82002CCEB5 /* Kanji Learning AppTests */,
				84D9D2592CB68A82002CCEB5 /* Kanji Learning AppUITests */,
				84D9D23D2CB68A7F002CCEB5 /* Products */,
			);
			sourceTree = "<group>";
		};
		84D9D23D2CB68A7F002CCEB5 /* Products */ = {
			isa = PBXGroup;
			children = (
				84D9D23C2CB68A7F002CCEB5 /* Kanji Learning App.app */,
				84D9D24C2CB68A82002CCEB5 /* Kanji Learning AppTests.xctest */,
				84D9D2562CB68A82002CCEB5 /* Kanji Learning AppUITests.xctest */,
			);
			name = Products;
			sourceTree = "<group>";
		};
		84D9D23E2CB68A7F002CCEB5 /* Kanji Learning App */ = {
			isa = PBXGroup;
			children = (
				848763C62CD2A60800239C8F /* App */,
				84D9D2432CB68A81002CCEB5 /* Assets.xcassets */,
				848763BC2CD27CBA00239C8F /* Features */,
				84D9D2452CB68A81002CCEB5 /* Preview Content */,
				848763B62CD1885E00239C8F /* Shared */,
			);
			path = "Kanji Learning App";
			sourceTree = "<group>";
		};
		84D9D2452CB68A81002CCEB5 /* Preview Content */ = {
			isa = PBXGroup;
			children = (
				84D9D2462CB68A81002CCEB5 /* Preview Assets.xcassets */,
			);
			path = "Preview Content";
			sourceTree = "<group>";
		};
		84D9D24F2CB68A82002CCEB5 /* Kanji Learning AppTests */ = {
			isa = PBXGroup;
			children = (
				84D9D2502CB68A82002CCEB5 /* Kanji_Learning_AppTests.swift */,
			);
			path = "Kanji Learning AppTests";
			sourceTree = "<group>";
		};
		84D9D2592CB68A82002CCEB5 /* Kanji Learning AppUITests */ = {
			isa = PBXGroup;
			children = (
				84D9D25A2CB68A82002CCEB5 /* Kanji_Learning_AppUITests.swift */,
				84D9D25C2CB68A82002CCEB5 /* Kanji_Learning_AppUITestsLaunchTests.swift */,
			);
			path = "Kanji Learning AppUITests";
			sourceTree = "<group>";
		};
/* End PBXGroup section */

/* Begin PBXNativeTarget section */
		84D9D23B2CB68A7F002CCEB5 /* Kanji Learning App */ = {
			isa = PBXNativeTarget;
			buildConfigurationList = 84D9D2602CB68A82002CCEB5 /* Build configuration list for PBXNativeTarget "Kanji Learning App" */;
			buildPhases = (
				84D9D2382CB68A7F002CCEB5 /* Sources */,
				84D9D2392CB68A7F002CCEB5 /* Frameworks */,
				84D9D23A2CB68A7F002CCEB5 /* Resources */,
			);
			buildRules = (
			);
			dependencies = (
			);
			name = "Kanji Learning App";
			productName = "Kanji Learning App";
			productReference = 84D9D23C2CB68A7F002CCEB5 /* Kanji Learning App.app */;
			productType = "com.apple.product-type.application";
		};
		84D9D24B2CB68A82002CCEB5 /* Kanji Learning AppTests */ = {
			isa = PBXNativeTarget;
			buildConfigurationList = 84D9D2632CB68A82002CCEB5 /* Build configuration list for PBXNativeTarget "Kanji Learning AppTests" */;
			buildPhases = (
				84D9D2482CB68A82002CCEB5 /* Sources */,
				84D9D2492CB68A82002CCEB5 /* Frameworks */,
				84D9D24A2CB68A82002CCEB5 /* Resources */,
			);
			buildRules = (
			);
			dependencies = (
				84D9D24E2CB68A82002CCEB5 /* PBXTargetDependency */,
			);
			name = "Kanji Learning AppTests";
			productName = "Kanji Learning AppTests";
			productReference = 84D9D24C2CB68A82002CCEB5 /* Kanji Learning AppTests.xctest */;
			productType = "com.apple.product-type.bundle.unit-test";
		};
		84D9D2552CB68A82002CCEB5 /* Kanji Learning AppUITests */ = {
			isa = PBXNativeTarget;
			buildConfigurationList = 84D9D2662CB68A82002CCEB5 /* Build configuration list for PBXNativeTarget "Kanji Learning AppUITests" */;
			buildPhases = (
				84D9D2522CB68A82002CCEB5 /* Sources */,
				84D9D2532CB68A82002CCEB5 /* Frameworks */,
				84D9D2542CB68A82002CCEB5 /* Resources */,
			);
			buildRules = (
			);
			dependencies = (
				84D9D2582CB68A82002CCEB5 /* PBXTargetDependency */,
			);
			name = "Kanji Learning AppUITests";
			productName = "Kanji Learning AppUITests";
			productReference = 84D9D2562CB68A82002CCEB5 /* Kanji Learning AppUITests.xctest */;
			productType = "com.apple.product-type.bundle.ui-testing";
		};
/* End PBXNativeTarget section */

/* Begin PBXProject section */
		84D9D2342CB68A7E002CCEB5 /* Project object */ = {
			isa = PBXProject;
			attributes = {
				BuildIndependentTargetsInParallel = 1;
				LastSwiftUpdateCheck = 1420;
				LastUpgradeCheck = 1420;
				TargetAttributes = {
					84D9D23B2CB68A7F002CCEB5 = {
						CreatedOnToolsVersion = 14.2;
					};
					84D9D24B2CB68A82002CCEB5 = {
						CreatedOnToolsVersion = 14.2;
						TestTargetID = 84D9D23B2CB68A7F002CCEB5;
					};
					84D9D2552CB68A82002CCEB5 = {
						CreatedOnToolsVersion = 14.2;
						TestTargetID = 84D9D23B2CB68A7F002CCEB5;
					};
				};
			};
			buildConfigurationList = 84D9D2372CB68A7E002CCEB5 /* Build configuration list for PBXProject "Kanji Learning App" */;
			compatibilityVersion = "Xcode 14.0";
			developmentRegion = en;
			hasScannedForEncodings = 0;
			knownRegions = (
				en,
				Base,
			);
			mainGroup = 84D9D2332CB68A7E002CCEB5;
			productRefGroup = 84D9D23D2CB68A7F002CCEB5 /* Products */;
			projectDirPath = "";
			projectRoot = "";
			targets = (
				84D9D23B2CB68A7F002CCEB5 /* Kanji Learning App */,
				84D9D24B2CB68A82002CCEB5 /* Kanji Learning AppTests */,
				84D9D2552CB68A82002CCEB5 /* Kanji Learning AppUITests */,
			);
		};
/* End PBXProject section */

/* Begin PBXResourcesBuildPhase section */
		84D9D23A2CB68A7F002CCEB5 /* Resources */ = {
			isa = PBXResourcesBuildPhase;
			buildActionMask = 2147483647;
			files = (
				84D9D2472CB68A81002CCEB5 /* Preview Assets.xcassets in Resources */,
				84D9D2442CB68A81002CCEB5 /* Assets.xcassets in Resources */,
			);
			runOnlyForDeploymentPostprocessing = 0;
		};
		84D9D24A2CB68A82002CCEB5 /* Resources */ = {
			isa = PBXResourcesBuildPhase;
			buildActionMask = 2147483647;
			files = (
			);
			runOnlyForDeploymentPostprocessing = 0;
		};
		84D9D2542CB68A82002CCEB5 /* Resources */ = {
			isa = PBXResourcesBuildPhase;
			buildActionMask = 2147483647;
			files = (
			);
			runOnlyForDeploymentPostprocessing = 0;
		};
/* End PBXResourcesBuildPhase section */

/* Begin PBXSourcesBuildPhase section */
		84D9D2382CB68A7F002CCEB5 /* Sources */ = {
			isa = PBXSourcesBuildPhase;
			buildActionMask = 2147483647;
			files = (
				84818F092CB68D4800DE1F71 /* ReadingModel.swift in Sources */,
				8436CB282CC57B7000E49693 /* KanjiDetailsViewModel.swift in Sources */,
				84880D362CB8465000CDD73B /* HomeView.swift in Sources */,
				848F5B022CD442B700775F57 /* KanjiService.swift in Sources */,
				848BFE722CC457BB00C3EC7C /* VocabularyEntryModel.swift in Sources */,
				848622B52CBD2E9A00DB502D /* LearningView.swift in Sources */,
				848622BD2CBD57F900DB502D /* HomeNavigationView.swift in Sources */,
				848763C82CD2A62600239C8F /* DependencyContainer.swift in Sources */,
				848763BB2CD26A3300239C8F /* APIService.swift in Sources */,
				848763B92CD26A1800239C8F /* APIServiceProtocol.swift in Sources */,
				848BFE772CC5211800C3EC7C /* KanjiDetailsView.swift in Sources */,
				848BFE702CC4361500C3EC7C /* KanjiDetailsModel.swift in Sources */,
				848622B82CBD2F1200DB502D /* SettingsView.swift in Sources */,
				848622B02CBD2DF900DB502D /* LibraryView.swift in Sources */,
				848BFE742CC458BE00C3EC7C /* UserModel.swift in Sources */,
				848622C12CBD595300DB502D /* HomeViewModel.swift in Sources */,
				84D9D2402CB68A7F002CCEB5 /* Kanji_Learning_AppApp.swift in Sources */,
				848622BB2CBD2F3600DB502D /* ProfileView.swift in Sources */,
				848F5B052CD442E100775F57 /* KanjiDetailsService.swift in Sources */,
				848622C32CBD965800DB502D /* LibraryViewModel.swift in Sources */,
				84D9D26A2CB68AB2002CCEB5 /* KanjiModel.swift in Sources */,
			);
			runOnlyForDeploymentPostprocessing = 0;
		};
		84D9D2482CB68A82002CCEB5 /* Sources */ = {
			isa = PBXSourcesBuildPhase;
			buildActionMask = 2147483647;
			files = (
				84D9D2512CB68A82002CCEB5 /* Kanji_Learning_AppTests.swift in Sources */,
			);
			runOnlyForDeploymentPostprocessing = 0;
		};
		84D9D2522CB68A82002CCEB5 /* Sources */ = {
			isa = PBXSourcesBuildPhase;
			buildActionMask = 2147483647;
			files = (
				84D9D25D2CB68A82002CCEB5 /* Kanji_Learning_AppUITestsLaunchTests.swift in Sources */,
				84D9D25B2CB68A82002CCEB5 /* Kanji_Learning_AppUITests.swift in Sources */,
			);
			runOnlyForDeploymentPostprocessing = 0;
		};
/* End PBXSourcesBuildPhase section */

/* Begin PBXTargetDependency section */
		84D9D24E2CB68A82002CCEB5 /* PBXTargetDependency */ = {
			isa = PBXTargetDependency;
			target = 84D9D23B2CB68A7F002CCEB5 /* Kanji Learning App */;
			targetProxy = 84D9D24D2CB68A82002CCEB5 /* PBXContainerItemProxy */;
		};
		84D9D2582CB68A82002CCEB5 /* PBXTargetDependency */ = {
			isa = PBXTargetDependency;
			target = 84D9D23B2CB68A7F002CCEB5 /* Kanji Learning App */;
			targetProxy = 84D9D2572CB68A82002CCEB5 /* PBXContainerItemProxy */;
		};
/* End PBXTargetDependency section */

/* Begin XCBuildConfiguration section */
		84D9D25E2CB68A82002CCEB5 /* Debug */ = {
			isa = XCBuildConfiguration;
			buildSettings = {
				ALWAYS_SEARCH_USER_PATHS = NO;
				CLANG_ANALYZER_NONNULL = YES;
				CLANG_ANALYZER_NUMBER_OBJECT_CONVERSION = YES_AGGRESSIVE;
				CLANG_CXX_LANGUAGE_STANDARD = "gnu++20";
				CLANG_ENABLE_MODULES = YES;
				CLANG_ENABLE_OBJC_ARC = YES;
				CLANG_ENABLE_OBJC_WEAK = YES;
				CLANG_WARN_BLOCK_CAPTURE_AUTORELEASING = YES;
				CLANG_WARN_BOOL_CONVERSION = YES;
				CLANG_WARN_COMMA = YES;
				CLANG_WARN_CONSTANT_CONVERSION = YES;
				CLANG_WARN_DEPRECATED_OBJC_IMPLEMENTATIONS = YES;
				CLANG_WARN_DIRECT_OBJC_ISA_USAGE = YES_ERROR;
				CLANG_WARN_DOCUMENTATION_COMMENTS = YES;
				CLANG_WARN_EMPTY_BODY = YES;
				CLANG_WARN_ENUM_CONVERSION = YES;
				CLANG_WARN_INFINITE_RECURSION = YES;
				CLANG_WARN_INT_CONVERSION = YES;
				CLANG_WARN_NON_LITERAL_NULL_CONVERSION = YES;
				CLANG_WARN_OBJC_IMPLICIT_RETAIN_SELF = YES;
				CLANG_WARN_OBJC_LITERAL_CONVERSION = YES;
				CLANG_WARN_OBJC_ROOT_CLASS = YES_ERROR;
				CLANG_WARN_QUOTED_INCLUDE_IN_FRAMEWORK_HEADER = YES;
				CLANG_WARN_RANGE_LOOP_ANALYSIS = YES;
				CLANG_WARN_STRICT_PROTOTYPES = YES;
				CLANG_WARN_SUSPICIOUS_MOVE = YES;
				CLANG_WARN_UNGUARDED_AVAILABILITY = YES_AGGRESSIVE;
				CLANG_WARN_UNREACHABLE_CODE = YES;
				CLANG_WARN__DUPLICATE_METHOD_MATCH = YES;
				COPY_PHASE_STRIP = NO;
				DEBUG_INFORMATION_FORMAT = dwarf;
				ENABLE_STRICT_OBJC_MSGSEND = YES;
				ENABLE_TESTABILITY = YES;
				GCC_C_LANGUAGE_STANDARD = gnu11;
				GCC_DYNAMIC_NO_PIC = NO;
				GCC_NO_COMMON_BLOCKS = YES;
				GCC_OPTIMIZATION_LEVEL = 0;
				GCC_PREPROCESSOR_DEFINITIONS = (
					"DEBUG=1",
					"$(inherited)",
				);
				GCC_WARN_64_TO_32_BIT_CONVERSION = YES;
				GCC_WARN_ABOUT_RETURN_TYPE = YES_ERROR;
				GCC_WARN_UNDECLARED_SELECTOR = YES;
				GCC_WARN_UNINITIALIZED_AUTOS = YES_AGGRESSIVE;
				GCC_WARN_UNUSED_FUNCTION = YES;
				GCC_WARN_UNUSED_VARIABLE = YES;
				IPHONEOS_DEPLOYMENT_TARGET = 16.2;
				MTL_ENABLE_DEBUG_INFO = INCLUDE_SOURCE;
				MTL_FAST_MATH = YES;
				ONLY_ACTIVE_ARCH = YES;
				SDKROOT = iphoneos;
				SWIFT_ACTIVE_COMPILATION_CONDITIONS = DEBUG;
				SWIFT_OPTIMIZATION_LEVEL = "-Onone";
			};
			name = Debug;
		};
		84D9D25F2CB68A82002CCEB5 /* Release */ = {
			isa = XCBuildConfiguration;
			buildSettings = {
				ALWAYS_SEARCH_USER_PATHS = NO;
				CLANG_ANALYZER_NONNULL = YES;
				CLANG_ANALYZER_NUMBER_OBJECT_CONVERSION = YES_AGGRESSIVE;
				CLANG_CXX_LANGUAGE_STANDARD = "gnu++20";
				CLANG_ENABLE_MODULES = YES;
				CLANG_ENABLE_OBJC_ARC = YES;
				CLANG_ENABLE_OBJC_WEAK = YES;
				CLANG_WARN_BLOCK_CAPTURE_AUTORELEASING = YES;
				CLANG_WARN_BOOL_CONVERSION = YES;
				CLANG_WARN_COMMA = YES;
				CLANG_WARN_CONSTANT_CONVERSION = YES;
				CLANG_WARN_DEPRECATED_OBJC_IMPLEMENTATIONS = YES;
				CLANG_WARN_DIRECT_OBJC_ISA_USAGE = YES_ERROR;
				CLANG_WARN_DOCUMENTATION_COMMENTS = YES;
				CLANG_WARN_EMPTY_BODY = YES;
				CLANG_WARN_ENUM_CONVERSION = YES;
				CLANG_WARN_INFINITE_RECURSION = YES;
				CLANG_WARN_INT_CONVERSION = YES;
				CLANG_WARN_NON_LITERAL_NULL_CONVERSION = YES;
				CLANG_WARN_OBJC_IMPLICIT_RETAIN_SELF = YES;
				CLANG_WARN_OBJC_LITERAL_CONVERSION = YES;
				CLANG_WARN_OBJC_ROOT_CLASS = YES_ERROR;
				CLANG_WARN_QUOTED_INCLUDE_IN_FRAMEWORK_HEADER = YES;
				CLANG_WARN_RANGE_LOOP_ANALYSIS = YES;
				CLANG_WARN_STRICT_PROTOTYPES = YES;
				CLANG_WARN_SUSPICIOUS_MOVE = YES;
				CLANG_WARN_UNGUARDED_AVAILABILITY = YES_AGGRESSIVE;
				CLANG_WARN_UNREACHABLE_CODE = YES;
				CLANG_WARN__DUPLICATE_METHOD_MATCH = YES;
				COPY_PHASE_STRIP = NO;
				DEBUG_INFORMATION_FORMAT = "dwarf-with-dsym";
				ENABLE_NS_ASSERTIONS = NO;
				ENABLE_STRICT_OBJC_MSGSEND = YES;
				GCC_C_LANGUAGE_STANDARD = gnu11;
				GCC_NO_COMMON_BLOCKS = YES;
				GCC_WARN_64_TO_32_BIT_CONVERSION = YES;
				GCC_WARN_ABOUT_RETURN_TYPE = YES_ERROR;
				GCC_WARN_UNDECLARED_SELECTOR = YES;
				GCC_WARN_UNINITIALIZED_AUTOS = YES_AGGRESSIVE;
				GCC_WARN_UNUSED_FUNCTION = YES;
				GCC_WARN_UNUSED_VARIABLE = YES;
				IPHONEOS_DEPLOYMENT_TARGET = 16.2;
				MTL_ENABLE_DEBUG_INFO = NO;
				MTL_FAST_MATH = YES;
				SDKROOT = iphoneos;
				SWIFT_COMPILATION_MODE = wholemodule;
				SWIFT_OPTIMIZATION_LEVEL = "-O";
				VALIDATE_PRODUCT = YES;
			};
			name = Release;
		};
		84D9D2612CB68A82002CCEB5 /* Debug */ = {
			isa = XCBuildConfiguration;
			buildSettings = {
				ASSETCATALOG_COMPILER_APPICON_NAME = AppIcon;
				ASSETCATALOG_COMPILER_GLOBAL_ACCENT_COLOR_NAME = AccentColor;
				CODE_SIGN_STYLE = Automatic;
				CURRENT_PROJECT_VERSION = 1;
				DEVELOPMENT_ASSET_PATHS = "\"Kanji Learning App/Preview Content\"";
				DEVELOPMENT_TEAM = 8479Y7ZQGB;
				ENABLE_PREVIEWS = YES;
				GENERATE_INFOPLIST_FILE = YES;
				INFOPLIST_KEY_UIApplicationSceneManifest_Generation = YES;
				INFOPLIST_KEY_UIApplicationSupportsIndirectInputEvents = YES;
				INFOPLIST_KEY_UILaunchScreen_Generation = YES;
				INFOPLIST_KEY_UISupportedInterfaceOrientations_iPad = "UIInterfaceOrientationPortrait UIInterfaceOrientationPortraitUpsideDown UIInterfaceOrientationLandscapeLeft UIInterfaceOrientationLandscapeRight";
				INFOPLIST_KEY_UISupportedInterfaceOrientations_iPhone = "UIInterfaceOrientationPortrait UIInterfaceOrientationLandscapeLeft UIInterfaceOrientationLandscapeRight";
				LD_RUNPATH_SEARCH_PATHS = (
					"$(inherited)",
					"@executable_path/Frameworks",
				);
				MARKETING_VERSION = 1.0;
				PRODUCT_BUNDLE_IDENTIFIER = "broxigar.Kanji-Learning-App";
				PRODUCT_NAME = "$(TARGET_NAME)";
				SWIFT_EMIT_LOC_STRINGS = YES;
				SWIFT_VERSION = 5.0;
				TARGETED_DEVICE_FAMILY = "1,2";
			};
			name = Debug;
		};
		84D9D2622CB68A82002CCEB5 /* Release */ = {
			isa = XCBuildConfiguration;
			buildSettings = {
				ASSETCATALOG_COMPILER_APPICON_NAME = AppIcon;
				ASSETCATALOG_COMPILER_GLOBAL_ACCENT_COLOR_NAME = AccentColor;
				CODE_SIGN_STYLE = Automatic;
				CURRENT_PROJECT_VERSION = 1;
				DEVELOPMENT_ASSET_PATHS = "\"Kanji Learning App/Preview Content\"";
				DEVELOPMENT_TEAM = 8479Y7ZQGB;
				ENABLE_PREVIEWS = YES;
				GENERATE_INFOPLIST_FILE = YES;
				INFOPLIST_KEY_UIApplicationSceneManifest_Generation = YES;
				INFOPLIST_KEY_UIApplicationSupportsIndirectInputEvents = YES;
				INFOPLIST_KEY_UILaunchScreen_Generation = YES;
				INFOPLIST_KEY_UISupportedInterfaceOrientations_iPad = "UIInterfaceOrientationPortrait UIInterfaceOrientationPortraitUpsideDown UIInterfaceOrientationLandscapeLeft UIInterfaceOrientationLandscapeRight";
				INFOPLIST_KEY_UISupportedInterfaceOrientations_iPhone = "UIInterfaceOrientationPortrait UIInterfaceOrientationLandscapeLeft UIInterfaceOrientationLandscapeRight";
				LD_RUNPATH_SEARCH_PATHS = (
					"$(inherited)",
					"@executable_path/Frameworks",
				);
				MARKETING_VERSION = 1.0;
				PRODUCT_BUNDLE_IDENTIFIER = "broxigar.Kanji-Learning-App";
				PRODUCT_NAME = "$(TARGET_NAME)";
				SWIFT_EMIT_LOC_STRINGS = YES;
				SWIFT_VERSION = 5.0;
				TARGETED_DEVICE_FAMILY = "1,2";
			};
			name = Release;
		};
		84D9D2642CB68A82002CCEB5 /* Debug */ = {
			isa = XCBuildConfiguration;
			buildSettings = {
				ALWAYS_EMBED_SWIFT_STANDARD_LIBRARIES = YES;
				BUNDLE_LOADER = "$(TEST_HOST)";
				CODE_SIGN_STYLE = Automatic;
				CURRENT_PROJECT_VERSION = 1;
				GENERATE_INFOPLIST_FILE = YES;
				IPHONEOS_DEPLOYMENT_TARGET = 16.2;
				MARKETING_VERSION = 1.0;
				PRODUCT_BUNDLE_IDENTIFIER = "broxigar.Kanji-Learning-AppTests";
				PRODUCT_NAME = "$(TARGET_NAME)";
				SWIFT_EMIT_LOC_STRINGS = NO;
				SWIFT_VERSION = 5.0;
				TARGETED_DEVICE_FAMILY = "1,2";
				TEST_HOST = "$(BUILT_PRODUCTS_DIR)/Kanji Learning App.app/$(BUNDLE_EXECUTABLE_FOLDER_PATH)/Kanji Learning App";
			};
			name = Debug;
		};
		84D9D2652CB68A82002CCEB5 /* Release */ = {
			isa = XCBuildConfiguration;
			buildSettings = {
				ALWAYS_EMBED_SWIFT_STANDARD_LIBRARIES = YES;
				BUNDLE_LOADER = "$(TEST_HOST)";
				CODE_SIGN_STYLE = Automatic;
				CURRENT_PROJECT_VERSION = 1;
				GENERATE_INFOPLIST_FILE = YES;
				IPHONEOS_DEPLOYMENT_TARGET = 16.2;
				MARKETING_VERSION = 1.0;
				PRODUCT_BUNDLE_IDENTIFIER = "broxigar.Kanji-Learning-AppTests";
				PRODUCT_NAME = "$(TARGET_NAME)";
				SWIFT_EMIT_LOC_STRINGS = NO;
				SWIFT_VERSION = 5.0;
				TARGETED_DEVICE_FAMILY = "1,2";
				TEST_HOST = "$(BUILT_PRODUCTS_DIR)/Kanji Learning App.app/$(BUNDLE_EXECUTABLE_FOLDER_PATH)/Kanji Learning App";
			};
			name = Release;
		};
		84D9D2672CB68A82002CCEB5 /* Debug */ = {
			isa = XCBuildConfiguration;
			buildSettings = {
				ALWAYS_EMBED_SWIFT_STANDARD_LIBRARIES = YES;
				CODE_SIGN_STYLE = Automatic;
				CURRENT_PROJECT_VERSION = 1;
				GENERATE_INFOPLIST_FILE = YES;
				MARKETING_VERSION = 1.0;
				PRODUCT_BUNDLE_IDENTIFIER = "broxigar.Kanji-Learning-AppUITests";
				PRODUCT_NAME = "$(TARGET_NAME)";
				SWIFT_EMIT_LOC_STRINGS = NO;
				SWIFT_VERSION = 5.0;
				TARGETED_DEVICE_FAMILY = "1,2";
				TEST_TARGET_NAME = "Kanji Learning App";
			};
			name = Debug;
		};
		84D9D2682CB68A82002CCEB5 /* Release */ = {
			isa = XCBuildConfiguration;
			buildSettings = {
				ALWAYS_EMBED_SWIFT_STANDARD_LIBRARIES = YES;
				CODE_SIGN_STYLE = Automatic;
				CURRENT_PROJECT_VERSION = 1;
				GENERATE_INFOPLIST_FILE = YES;
				MARKETING_VERSION = 1.0;
				PRODUCT_BUNDLE_IDENTIFIER = "broxigar.Kanji-Learning-AppUITests";
				PRODUCT_NAME = "$(TARGET_NAME)";
				SWIFT_EMIT_LOC_STRINGS = NO;
				SWIFT_VERSION = 5.0;
				TARGETED_DEVICE_FAMILY = "1,2";
				TEST_TARGET_NAME = "Kanji Learning App";
			};
			name = Release;
		};
/* End XCBuildConfiguration section */

/* Begin XCConfigurationList section */
		84D9D2372CB68A7E002CCEB5 /* Build configuration list for PBXProject "Kanji Learning App" */ = {
			isa = XCConfigurationList;
			buildConfigurations = (
				84D9D25E2CB68A82002CCEB5 /* Debug */,
				84D9D25F2CB68A82002CCEB5 /* Release */,
			);
			defaultConfigurationIsVisible = 0;
			defaultConfigurationName = Release;
		};
		84D9D2602CB68A82002CCEB5 /* Build configuration list for PBXNativeTarget "Kanji Learning App" */ = {
			isa = XCConfigurationList;
			buildConfigurations = (
				84D9D2612CB68A82002CCEB5 /* Debug */,
				84D9D2622CB68A82002CCEB5 /* Release */,
			);
			defaultConfigurationIsVisible = 0;
			defaultConfigurationName = Release;
		};
		84D9D2632CB68A82002CCEB5 /* Build configuration list for PBXNativeTarget "Kanji Learning AppTests" */ = {
			isa = XCConfigurationList;
			buildConfigurations = (
				84D9D2642CB68A82002CCEB5 /* Debug */,
				84D9D2652CB68A82002CCEB5 /* Release */,
			);
			defaultConfigurationIsVisible = 0;
			defaultConfigurationName = Release;
		};
		84D9D2662CB68A82002CCEB5 /* Build configuration list for PBXNativeTarget "Kanji Learning AppUITests" */ = {
			isa = XCConfigurationList;
			buildConfigurations = (
				84D9D2672CB68A82002CCEB5 /* Debug */,
				84D9D2682CB68A82002CCEB5 /* Release */,
			);
			defaultConfigurationIsVisible = 0;
			defaultConfigurationName = Release;
		};
/* End XCConfigurationList section */
	};
	rootObject = 84D9D2342CB68A7E002CCEB5 /* Project object */;
}
